
Microsoft Visual Studio Solution File, Format Version 12.00
# Visual Studio 15
VisualStudioVersion = 15.0.28307.572
MinimumVisualStudioVersion = 10.0.40219.1
Project("{9A19103F-16F7-4668-BE54-9A1E7A4F7556}") = "MVCCoreApplication", "MVCCoreApplication\MVCCoreApplication.csproj", "{E77A98BF-0B4C-456F-B6FC-CD7C80B3EDAA}"
EndProject
Project("{FAE04EC0-301F-11D3-BF4B-00C04F79EFBC}") = "LoggerService", "LoggerService\LoggerService.csproj", "{28EEEA0E-63C0-47CE-AF6D-CCEF78FC4D9C}"
EndProject
Project("{FAE04EC0-301F-11D3-BF4B-00C04F79EFBC}") = "BusinessLogicLayer", "BusinessLogicLayer\BusinessLogicLayer.csproj", "{89EC844E-40C1-4E16-95A2-E0FA9DE652D0}"
EndProject
Project("{FAE04EC0-301F-11D3-BF4B-00C04F79EFBC}") = "DataAccessLayer", "DataAccessLayer\DataAccessLayer.csproj", "{84149BCE-7139-4A0D-8270-AD8271A7B92A}"
EndProject
Global
	GlobalSection(SolutionConfigurationPlatforms) = preSolution
		Debug|Any CPU = Debug|Any CPU
		Release|Any CPU = Release|Any CPU
	EndGlobalSection
	GlobalSection(ProjectConfigurationPlatforms) = postSolution
		{E77A98BF-0B4C-456F-B6FC-CD7C80B3EDAA}.Debug|Any CPU.ActiveCfg = Debug|Any CPU
		{E77A98BF-0B4C-456F-B6FC-CD7C80B3EDAA}.Debug|Any CPU.Build.0 = Debug|Any CPU
		{E77A98BF-0B4C-456F-B6FC-CD7C80B3EDAA}.Release|Any CPU.ActiveCfg = Release|Any CPU
		{E77A98BF-0B4C-456F-B6FC-CD7C80B3EDAA}.Release|Any CPU.Build.0 = Release|Any CPU
		{28EEEA0E-63C0-47CE-AF6D-CCEF78FC4D9C}.Debug|Any CPU.ActiveCfg = Debug|Any CPU
		{28EEEA0E-63C0-47CE-AF6D-CCEF78FC4D9C}.Debug|Any CPU.Build.0 = Debug|Any CPU
		{28EEEA0E-63C0-47CE-AF6D-CCEF78FC4D9C}.Release|Any CPU.ActiveCfg = Release|Any CPU
		{28EEEA0E-63C0-47CE-AF6D-CCEF78FC4D9C}.Release|Any CPU.Build.0 = Release|Any CPU
		{89EC844E-40C1-4E16-95A2-E0FA9DE652D0}.Debug|Any CPU.ActiveCfg = Debug|Any CPU
		{89EC844E-40C1-4E16-95A2-E0FA9DE652D0}.Debug|Any CPU.Build.0 = Debug|Any CPU
		{89EC844E-40C1-4E16-95A2-E0FA9DE652D0}.Release|Any CPU.ActiveCfg = Release|Any CPU
		{89EC844E-40C1-4E16-95A2-E0FA9DE652D0}.Release|Any CPU.Build.0 = Release|Any CPU
		{84149BCE-7139-4A0D-8270-AD8271A7B92A}.Debug|Any CPU.ActiveCfg = Debug|Any CPU
		{84149BCE-7139-4A0D-8270-AD8271A7B92A}.Debug|Any CPU.Build.0 = Debug|Any CPU
		{84149BCE-7139-4A0D-8270-AD8271A7B92A}.Release|Any CPU.ActiveCfg = Release|Any CPU
		{84149BCE-7139-4A0D-8270-AD8271A7B92A}.Release|Any CPU.Build.0 = Release|Any CPU
	EndGlobalSection
	GlobalSection(SolutionProperties) = preSolution
		HideSolutionNode = FALSE
	EndGlobalSection
	GlobalSection(ExtensibilityGlobals) = postSolution
		SolutionGuid = {0643686E-37B2-44CA-8AB4-9BF0765FE812}
	EndGlobalSection
EndGlobal
